
Microsoft Visual Studio Solution File, Format Version 12.00
# Visual Studio Version 16
VisualStudioVersion = 16.0.29728.190
MinimumVisualStudioVersion = 10.0.40219.1
Project("{FAE04EC0-301F-11D3-BF4B-00C04F79EFBC}") = "Oblig1Test", "Oblig1Test\Oblig1Test.csproj", "{4483F961-002F-4325-BA4F-840A535DB81A}"
EndProject
Project("{FAE04EC0-301F-11D3-BF4B-00C04F79EFBC}") = "NUnitTestNyOblig1", "NUnitTestProject1\NUnitTestNyOblig1.csproj", "{D0C27C30-CF28-43A5-91F3-06DDA07B059F}"
EndProject
Global
	GlobalSection(SolutionConfigurationPlatforms) = preSolution
		Debug|Any CPU = Debug|Any CPU
		Release|Any CPU = Release|Any CPU
	EndGlobalSection
	GlobalSection(ProjectConfigurationPlatforms) = postSolution
		{4483F961-002F-4325-BA4F-840A535DB81A}.Debug|Any CPU.ActiveCfg = Debug|Any CPU
		{4483F961-002F-4325-BA4F-840A535DB81A}.Debug|Any CPU.Build.0 = Debug|Any CPU
		{4483F961-002F-4325-BA4F-840A535DB81A}.Release|Any CPU.ActiveCfg = Release|Any CPU
		{4483F961-002F-4325-BA4F-840A535DB81A}.Release|Any CPU.Build.0 = Release|Any CPU
		{D0C27C30-CF28-43A5-91F3-06DDA07B059F}.Debug|Any CPU.ActiveCfg = Debug|Any CPU
		{D0C27C30-CF28-43A5-91F3-06DDA07B059F}.Debug|Any CPU.Build.0 = Debug|Any CPU
		{D0C27C30-CF28-43A5-91F3-06DDA07B059F}.Release|Any CPU.ActiveCfg = Release|Any CPU
		{D0C27C30-CF28-43A5-91F3-06DDA07B059F}.Release|Any CPU.Build.0 = Release|Any CPU
	EndGlobalSection
	GlobalSection(SolutionProperties) = preSolution
		HideSolutionNode = FALSE
	EndGlobalSection
	GlobalSection(ExtensibilityGlobals) = postSolution
		SolutionGuid = {26D975B9-DF4C-4B2D-9C01-164EFEC9E6F9}
	EndGlobalSection
EndGlobal
